
Microsoft Visual Studio Solution File, Format Version 12.00
# Visual Studio 15
VisualStudioVersion = 15.0.26124.0
MinimumVisualStudioVersion = 15.0.26124.0
Project("{FAE04EC0-301F-11D3-BF4B-00C04F79EFBC}") = "GameTOP", "GameTOP\GameTOP.csproj", "{457DA528-E907-46A3-BDDE-7C75D2BA2037}"
EndProject
Project("{FAE04EC0-301F-11D3-BF4B-00C04F79EFBC}") = "GameTOP.Lib", "GameTOP.Lib\GameTOP.Lib.csproj", "{3BA4041C-06F7-4D51-BC39-06BDF1A8D5E3}"
EndProject
Project("{FAE04EC0-301F-11D3-BF4B-00C04F79EFBC}") = "GameTOP.Interface", "GameTOP.Interface\GameTOP.Interface.csproj", "{E8D8F440-D563-4C9B-8C44-C577E84703EB}"
EndProject
Global
	GlobalSection(SolutionConfigurationPlatforms) = preSolution
		Debug|Any CPU = Debug|Any CPU
		Debug|x64 = Debug|x64
		Debug|x86 = Debug|x86
		Release|Any CPU = Release|Any CPU
		Release|x64 = Release|x64
		Release|x86 = Release|x86
	EndGlobalSection
	GlobalSection(SolutionProperties) = preSolution
		HideSolutionNode = FALSE
	EndGlobalSection
	GlobalSection(ProjectConfigurationPlatforms) = postSolution
		{457DA528-E907-46A3-BDDE-7C75D2BA2037}.Debug|Any CPU.ActiveCfg = Debug|Any CPU
		{457DA528-E907-46A3-BDDE-7C75D2BA2037}.Debug|Any CPU.Build.0 = Debug|Any CPU
		{457DA528-E907-46A3-BDDE-7C75D2BA2037}.Debug|x64.ActiveCfg = Debug|Any CPU
		{457DA528-E907-46A3-BDDE-7C75D2BA2037}.Debug|x64.Build.0 = Debug|Any CPU
		{457DA528-E907-46A3-BDDE-7C75D2BA2037}.Debug|x86.ActiveCfg = Debug|Any CPU
		{457DA528-E907-46A3-BDDE-7C75D2BA2037}.Debug|x86.Build.0 = Debug|Any CPU
		{457DA528-E907-46A3-BDDE-7C75D2BA2037}.Release|Any CPU.ActiveCfg = Release|Any CPU
		{457DA528-E907-46A3-BDDE-7C75D2BA2037}.Release|Any CPU.Build.0 = Release|Any CPU
		{457DA528-E907-46A3-BDDE-7C75D2BA2037}.Release|x64.ActiveCfg = Release|Any CPU
		{457DA528-E907-46A3-BDDE-7C75D2BA2037}.Release|x64.Build.0 = Release|Any CPU
		{457DA528-E907-46A3-BDDE-7C75D2BA2037}.Release|x86.ActiveCfg = Release|Any CPU
		{457DA528-E907-46A3-BDDE-7C75D2BA2037}.Release|x86.Build.0 = Release|Any CPU
		{3BA4041C-06F7-4D51-BC39-06BDF1A8D5E3}.Debug|Any CPU.ActiveCfg = Debug|Any CPU
		{3BA4041C-06F7-4D51-BC39-06BDF1A8D5E3}.Debug|Any CPU.Build.0 = Debug|Any CPU
		{3BA4041C-06F7-4D51-BC39-06BDF1A8D5E3}.Debug|x64.ActiveCfg = Debug|Any CPU
		{3BA4041C-06F7-4D51-BC39-06BDF1A8D5E3}.Debug|x64.Build.0 = Debug|Any CPU
		{3BA4041C-06F7-4D51-BC39-06BDF1A8D5E3}.Debug|x86.ActiveCfg = Debug|Any CPU
		{3BA4041C-06F7-4D51-BC39-06BDF1A8D5E3}.Debug|x86.Build.0 = Debug|Any CPU
		{3BA4041C-06F7-4D51-BC39-06BDF1A8D5E3}.Release|Any CPU.ActiveCfg = Release|Any CPU
		{3BA4041C-06F7-4D51-BC39-06BDF1A8D5E3}.Release|Any CPU.Build.0 = Release|Any CPU
		{3BA4041C-06F7-4D51-BC39-06BDF1A8D5E3}.Release|x64.ActiveCfg = Release|Any CPU
		{3BA4041C-06F7-4D51-BC39-06BDF1A8D5E3}.Release|x64.Build.0 = Release|Any CPU
		{3BA4041C-06F7-4D51-BC39-06BDF1A8D5E3}.Release|x86.ActiveCfg = Release|Any CPU
		{3BA4041C-06F7-4D51-BC39-06BDF1A8D5E3}.Release|x86.Build.0 = Release|Any CPU
		{E8D8F440-D563-4C9B-8C44-C577E84703EB}.Debug|Any CPU.ActiveCfg = Debug|Any CPU
		{E8D8F440-D563-4C9B-8C44-C577E84703EB}.Debug|Any CPU.Build.0 = Debug|Any CPU
		{E8D8F440-D563-4C9B-8C44-C577E84703EB}.Debug|x64.ActiveCfg = Debug|Any CPU
		{E8D8F440-D563-4C9B-8C44-C577E84703EB}.Debug|x64.Build.0 = Debug|Any CPU
		{E8D8F440-D563-4C9B-8C44-C577E84703EB}.Debug|x86.ActiveCfg = Debug|Any CPU
		{E8D8F440-D563-4C9B-8C44-C577E84703EB}.Debug|x86.Build.0 = Debug|Any CPU
		{E8D8F440-D563-4C9B-8C44-C577E84703EB}.Release|Any CPU.ActiveCfg = Release|Any CPU
		{E8D8F440-D563-4C9B-8C44-C577E84703EB}.Release|Any CPU.Build.0 = Release|Any CPU
		{E8D8F440-D563-4C9B-8C44-C577E84703EB}.Release|x64.ActiveCfg = Release|Any CPU
		{E8D8F440-D563-4C9B-8C44-C577E84703EB}.Release|x64.Build.0 = Release|Any CPU
		{E8D8F440-D563-4C9B-8C44-C577E84703EB}.Release|x86.ActiveCfg = Release|Any CPU
		{E8D8F440-D563-4C9B-8C44-C577E84703EB}.Release|x86.Build.0 = Release|Any CPU
	EndGlobalSection
EndGlobal
